
Microsoft Visual Studio Solution File, Format Version 12.00
# Visual Studio Version 16
VisualStudioVersion = 16.0.31613.86
MinimumVisualStudioVersion = 10.0.40219.1
Project("{FAE04EC0-301F-11D3-BF4B-00C04F79EFBC}") = "2023_10_11_Erettsegi201305Linq", "2023_10_11_Erettsegi201305Linq\2023_10_11_Erettsegi201305Linq.csproj", "{5E8D7974-D66A-477C-BF71-AB5707453C88}"
EndProject
Global
	GlobalSection(SolutionConfigurationPlatforms) = preSolution
		Debug|Any CPU = Debug|Any CPU
		Release|Any CPU = Release|Any CPU
	EndGlobalSection
	GlobalSection(ProjectConfigurationPlatforms) = postSolution
		{5E8D7974-D66A-477C-BF71-AB5707453C88}.Debug|Any CPU.ActiveCfg = Debug|Any CPU
		{5E8D7974-D66A-477C-BF71-AB5707453C88}.Debug|Any CPU.Build.0 = Debug|Any CPU
		{5E8D7974-D66A-477C-BF71-AB5707453C88}.Release|Any CPU.ActiveCfg = Release|Any CPU
		{5E8D7974-D66A-477C-BF71-AB5707453C88}.Release|Any CPU.Build.0 = Release|Any CPU
	EndGlobalSection
	GlobalSection(SolutionProperties) = preSolution
		HideSolutionNode = FALSE
	EndGlobalSection
	GlobalSection(ExtensibilityGlobals) = postSolution
		SolutionGuid = {BDE72EC3-477F-4BF9-8CC2-62F600C95A24}
	EndGlobalSection
EndGlobal
