
Microsoft Visual Studio Solution File, Format Version 12.00
# Visual Studio Version 16
VisualStudioVersion = 16.0.31613.86
MinimumVisualStudioVersion = 10.0.40219.1
Project("{FAE04EC0-301F-11D3-BF4B-00C04F79EFBC}") = "2023_09_28_IPv6", "2023_09_28_IPv6\2023_09_28_IPv6.csproj", "{0AF0A0CD-9422-4B1F-B4A6-18795BE4317F}"
EndProject
Global
	GlobalSection(SolutionConfigurationPlatforms) = preSolution
		Debug|Any CPU = Debug|Any CPU
		Release|Any CPU = Release|Any CPU
	EndGlobalSection
	GlobalSection(ProjectConfigurationPlatforms) = postSolution
		{0AF0A0CD-9422-4B1F-B4A6-18795BE4317F}.Debug|Any CPU.ActiveCfg = Debug|Any CPU
		{0AF0A0CD-9422-4B1F-B4A6-18795BE4317F}.Debug|Any CPU.Build.0 = Debug|Any CPU
		{0AF0A0CD-9422-4B1F-B4A6-18795BE4317F}.Release|Any CPU.ActiveCfg = Release|Any CPU
		{0AF0A0CD-9422-4B1F-B4A6-18795BE4317F}.Release|Any CPU.Build.0 = Release|Any CPU
	EndGlobalSection
	GlobalSection(SolutionProperties) = preSolution
		HideSolutionNode = FALSE
	EndGlobalSection
	GlobalSection(ExtensibilityGlobals) = postSolution
		SolutionGuid = {70D03054-81EC-4167-818F-33E7BB9EC7F9}
	EndGlobalSection
EndGlobal
