
Microsoft Visual Studio Solution File, Format Version 12.00
# Visual Studio Version 16
VisualStudioVersion = 16.0.31613.86
MinimumVisualStudioVersion = 10.0.40219.1
Project("{FAE04EC0-301F-11D3-BF4B-00C04F79EFBC}") = "2023_12_05_GUI_kooridnatageometria", "2023_12_05_GUI_kooridnatageometria\2023_12_05_GUI_kooridnatageometria.csproj", "{8FA67D38-3F32-4BA8-8308-6BF3CEAAFCD8}"
EndProject
Global
	GlobalSection(SolutionConfigurationPlatforms) = preSolution
		Debug|Any CPU = Debug|Any CPU
		Release|Any CPU = Release|Any CPU
	EndGlobalSection
	GlobalSection(ProjectConfigurationPlatforms) = postSolution
		{8FA67D38-3F32-4BA8-8308-6BF3CEAAFCD8}.Debug|Any CPU.ActiveCfg = Debug|Any CPU
		{8FA67D38-3F32-4BA8-8308-6BF3CEAAFCD8}.Debug|Any CPU.Build.0 = Debug|Any CPU
		{8FA67D38-3F32-4BA8-8308-6BF3CEAAFCD8}.Release|Any CPU.ActiveCfg = Release|Any CPU
		{8FA67D38-3F32-4BA8-8308-6BF3CEAAFCD8}.Release|Any CPU.Build.0 = Release|Any CPU
	EndGlobalSection
	GlobalSection(SolutionProperties) = preSolution
		HideSolutionNode = FALSE
	EndGlobalSection
	GlobalSection(ExtensibilityGlobals) = postSolution
		SolutionGuid = {2F557139-BECB-4E77-8ED5-F14B661CC9D0}
	EndGlobalSection
EndGlobal
