
Microsoft Visual Studio Solution File, Format Version 12.00
# Visual Studio Version 16
VisualStudioVersion = 16.0.31613.86
MinimumVisualStudioVersion = 10.0.40219.1
Project("{FAE04EC0-301F-11D3-BF4B-00C04F79EFBC}") = "2023_09_18_2005_maj_Lotto", "2023_09_18_2005_maj_Lotto\2023_09_18_2005_maj_Lotto.csproj", "{1C908538-FEE5-4F85-94E6-1BD9BB650F94}"
EndProject
Global
	GlobalSection(SolutionConfigurationPlatforms) = preSolution
		Debug|Any CPU = Debug|Any CPU
		Release|Any CPU = Release|Any CPU
	EndGlobalSection
	GlobalSection(ProjectConfigurationPlatforms) = postSolution
		{1C908538-FEE5-4F85-94E6-1BD9BB650F94}.Debug|Any CPU.ActiveCfg = Debug|Any CPU
		{1C908538-FEE5-4F85-94E6-1BD9BB650F94}.Debug|Any CPU.Build.0 = Debug|Any CPU
		{1C908538-FEE5-4F85-94E6-1BD9BB650F94}.Release|Any CPU.ActiveCfg = Release|Any CPU
		{1C908538-FEE5-4F85-94E6-1BD9BB650F94}.Release|Any CPU.Build.0 = Release|Any CPU
	EndGlobalSection
	GlobalSection(SolutionProperties) = preSolution
		HideSolutionNode = FALSE
	EndGlobalSection
	GlobalSection(ExtensibilityGlobals) = postSolution
		SolutionGuid = {7E5FC298-B1A1-4DEB-A1F8-562B3C056ADA}
	EndGlobalSection
EndGlobal
