
Microsoft Visual Studio Solution File, Format Version 12.00
# Visual Studio Version 16
VisualStudioVersion = 16.0.31613.86
MinimumVisualStudioVersion = 10.0.40219.1
Project("{FAE04EC0-301F-11D3-BF4B-00C04F79EFBC}") = "2023_09_04_Alapok", "2023_09_04_Alapok\2023_09_04_Alapok.csproj", "{6710982B-1021-4908-80DF-AFD606C0C47D}"
EndProject
Global
	GlobalSection(SolutionConfigurationPlatforms) = preSolution
		Debug|Any CPU = Debug|Any CPU
		Release|Any CPU = Release|Any CPU
	EndGlobalSection
	GlobalSection(ProjectConfigurationPlatforms) = postSolution
		{6710982B-1021-4908-80DF-AFD606C0C47D}.Debug|Any CPU.ActiveCfg = Debug|Any CPU
		{6710982B-1021-4908-80DF-AFD606C0C47D}.Debug|Any CPU.Build.0 = Debug|Any CPU
		{6710982B-1021-4908-80DF-AFD606C0C47D}.Release|Any CPU.ActiveCfg = Release|Any CPU
		{6710982B-1021-4908-80DF-AFD606C0C47D}.Release|Any CPU.Build.0 = Release|Any CPU
	EndGlobalSection
	GlobalSection(SolutionProperties) = preSolution
		HideSolutionNode = FALSE
	EndGlobalSection
	GlobalSection(ExtensibilityGlobals) = postSolution
		SolutionGuid = {4F15AB39-BB06-46C9-A7F9-4BFCBAB5A78E}
	EndGlobalSection
EndGlobal
