
Microsoft Visual Studio Solution File, Format Version 12.00
# Visual Studio Version 16
VisualStudioVersion = 16.0.31613.86
MinimumVisualStudioVersion = 10.0.40219.1
Project("{FAE04EC0-301F-11D3-BF4B-00C04F79EFBC}") = "2023_11_20_Gepjarmu_Oroklodes", "2023_11_20_Gepjarmu_Oroklodes\2023_11_20_Gepjarmu_Oroklodes.csproj", "{5B6BFADF-6FDB-41F8-824C-689137EB6348}"
EndProject
Global
	GlobalSection(SolutionConfigurationPlatforms) = preSolution
		Debug|Any CPU = Debug|Any CPU
		Release|Any CPU = Release|Any CPU
	EndGlobalSection
	GlobalSection(ProjectConfigurationPlatforms) = postSolution
		{5B6BFADF-6FDB-41F8-824C-689137EB6348}.Debug|Any CPU.ActiveCfg = Debug|Any CPU
		{5B6BFADF-6FDB-41F8-824C-689137EB6348}.Debug|Any CPU.Build.0 = Debug|Any CPU
		{5B6BFADF-6FDB-41F8-824C-689137EB6348}.Release|Any CPU.ActiveCfg = Release|Any CPU
		{5B6BFADF-6FDB-41F8-824C-689137EB6348}.Release|Any CPU.Build.0 = Release|Any CPU
	EndGlobalSection
	GlobalSection(SolutionProperties) = preSolution
		HideSolutionNode = FALSE
	EndGlobalSection
	GlobalSection(ExtensibilityGlobals) = postSolution
		SolutionGuid = {4A9A4CE3-E045-4811-A21E-1F1E00EDBB62}
	EndGlobalSection
EndGlobal
