
Microsoft Visual Studio Solution File, Format Version 12.00
# Visual Studio Version 16
VisualStudioVersion = 16.0.31613.86
MinimumVisualStudioVersion = 10.0.40219.1
Project("{FAE04EC0-301F-11D3-BF4B-00C04F79EFBC}") = "2023_09_07_OsszetettAdaszerkezetekIsm", "2023_09_07_OsszetettAdaszerkezetekIsm\2023_09_07_OsszetettAdaszerkezetekIsm.csproj", "{F384ED90-3E25-44D0-B17F-EEDF07E53F75}"
EndProject
Global
	GlobalSection(SolutionConfigurationPlatforms) = preSolution
		Debug|Any CPU = Debug|Any CPU
		Release|Any CPU = Release|Any CPU
	EndGlobalSection
	GlobalSection(ProjectConfigurationPlatforms) = postSolution
		{F384ED90-3E25-44D0-B17F-EEDF07E53F75}.Debug|Any CPU.ActiveCfg = Debug|Any CPU
		{F384ED90-3E25-44D0-B17F-EEDF07E53F75}.Debug|Any CPU.Build.0 = Debug|Any CPU
		{F384ED90-3E25-44D0-B17F-EEDF07E53F75}.Release|Any CPU.ActiveCfg = Release|Any CPU
		{F384ED90-3E25-44D0-B17F-EEDF07E53F75}.Release|Any CPU.Build.0 = Release|Any CPU
	EndGlobalSection
	GlobalSection(SolutionProperties) = preSolution
		HideSolutionNode = FALSE
	EndGlobalSection
	GlobalSection(ExtensibilityGlobals) = postSolution
		SolutionGuid = {70918E2C-E3B4-460D-8F05-04777F632DAB}
	EndGlobalSection
EndGlobal
